
Microsoft Visual Studio Solution File, Format Version 12.00
# Visual Studio Version 17
VisualStudioVersion = 17.0.31919.166
MinimumVisualStudioVersion = 10.0.40219.1
Project("{FAE04EC0-301F-11D3-BF4B-00C04F79EFBC}") = "WebScreenshot", "WebScreenshot\WebScreenshot.csproj", "{1BBA4657-046A-429C-A30D-A2D2FF09DDA1}"
EndProject
Global
	GlobalSection(SolutionConfigurationPlatforms) = preSolution
		Debug|Any CPU = Debug|Any CPU
		Release|Any CPU = Release|Any CPU
	EndGlobalSection
	GlobalSection(ProjectConfigurationPlatforms) = postSolution
		{1BBA4657-046A-429C-A30D-A2D2FF09DDA1}.Debug|Any CPU.ActiveCfg = Debug|Any CPU
		{1BBA4657-046A-429C-A30D-A2D2FF09DDA1}.Debug|Any CPU.Build.0 = Debug|Any CPU
		{1BBA4657-046A-429C-A30D-A2D2FF09DDA1}.Release|Any CPU.ActiveCfg = Release|Any CPU
		{1BBA4657-046A-429C-A30D-A2D2FF09DDA1}.Release|Any CPU.Build.0 = Release|Any CPU
	EndGlobalSection
	GlobalSection(SolutionProperties) = preSolution
		HideSolutionNode = FALSE
	EndGlobalSection
	GlobalSection(ExtensibilityGlobals) = postSolution
		SolutionGuid = {52260EFD-5A40-4ED8-A224-EE55462FB19F}
	EndGlobalSection
EndGlobal
